
Microsoft Visual Studio Solution File, Format Version 12.00
# Visual Studio Version 17
VisualStudioVersion = 17.14.36908.2 d17.14
MinimumVisualStudioVersion = 10.0.40219.1
Project("{FAE04EC0-301F-11D3-BF4B-00C04F79EFBC}") = "StructuralPatternsLab", "StructuralPatternsLab.csproj", "{F6035910-C343-4EE4-BF60-AE8E36C21892}"
EndProject
Global
	GlobalSection(SolutionConfigurationPlatforms) = preSolution
		Debug|Any CPU = Debug|Any CPU
		Release|Any CPU = Release|Any CPU
	EndGlobalSection
	GlobalSection(ProjectConfigurationPlatforms) = postSolution
		{F6035910-C343-4EE4-BF60-AE8E36C21892}.Debug|Any CPU.ActiveCfg = Debug|Any CPU
		{F6035910-C343-4EE4-BF60-AE8E36C21892}.Debug|Any CPU.Build.0 = Debug|Any CPU
		{F6035910-C343-4EE4-BF60-AE8E36C21892}.Release|Any CPU.ActiveCfg = Release|Any CPU
		{F6035910-C343-4EE4-BF60-AE8E36C21892}.Release|Any CPU.Build.0 = Release|Any CPU
	EndGlobalSection
	GlobalSection(SolutionProperties) = preSolution
		HideSolutionNode = FALSE
	EndGlobalSection
	GlobalSection(ExtensibilityGlobals) = postSolution
		SolutionGuid = {0EB5225E-A304-48F5-858D-48B26397B65D}
	EndGlobalSection
EndGlobal
